
Microsoft Visual Studio Solution File, Format Version 12.00
# Visual Studio Version 16
VisualStudioVersion = 16.0.31911.196
MinimumVisualStudioVersion = 10.0.40219.1
Project("{FAE04EC0-301F-11D3-BF4B-00C04F79EFBC}") = "JobBoard", "JobBoard\JobBoard.csproj", "{A072B7FD-51FB-451C-9074-98B51C0AF9AA}"
EndProject
Global
	GlobalSection(SolutionConfigurationPlatforms) = preSolution
		Debug|Any CPU = Debug|Any CPU
		Release|Any CPU = Release|Any CPU
	EndGlobalSection
	GlobalSection(ProjectConfigurationPlatforms) = postSolution
		{A072B7FD-51FB-451C-9074-98B51C0AF9AA}.Debug|Any CPU.ActiveCfg = Debug|Any CPU
		{A072B7FD-51FB-451C-9074-98B51C0AF9AA}.Debug|Any CPU.Build.0 = Debug|Any CPU
		{A072B7FD-51FB-451C-9074-98B51C0AF9AA}.Release|Any CPU.ActiveCfg = Release|Any CPU
		{A072B7FD-51FB-451C-9074-98B51C0AF9AA}.Release|Any CPU.Build.0 = Release|Any CPU
	EndGlobalSection
	GlobalSection(SolutionProperties) = preSolution
		HideSolutionNode = FALSE
	EndGlobalSection
	GlobalSection(ExtensibilityGlobals) = postSolution
		SolutionGuid = {9F721A27-8B6D-455F-9998-08B361251B82}
	EndGlobalSection
EndGlobal
